
Microsoft Visual Studio Solution File, Format Version 12.00
# Visual Studio 15
VisualStudioVersion = 15.0.27004.2009
MinimumVisualStudioVersion = 10.0.40219.1
Project("{2150E333-8FDC-42A3-9474-1A3956D46DE8}") = "Solution Items", "Solution Items", "{A0EA815E-E26F-42ED-8E54-CE52BCF90D14}"
	ProjectSection(SolutionItems) = preProject
		.gitignore = .gitignore
		Build.cmd = Build.cmd
		Release.cmd = Release.cmd
		Version.cmd = Version.cmd
		Version.ps1 = Version.ps1
		Version.txt = Version.txt
	EndProjectSection
EndProject
Project("{2150E333-8FDC-42A3-9474-1A3956D46DE8}") = "Documentation", "Documentation", "{9FA8F633-0F1F-4605-9C0D-47C627144A26}"
	ProjectSection(SolutionItems) = preProject
		Documentation\Code for Windows Release Notes.rtf = Documentation\Code for Windows Release Notes.rtf
	EndProjectSection
EndProject
Project("{2150E333-8FDC-42A3-9474-1A3956D46DE8}") = "PowerShell", "PowerShell", "{89DC8D4B-C0BF-44CD-8C00-86B66301C044}"
EndProject
Project("{F5034706-568F-408A-B7B3-4D38C6DB8A32}") = "CodeForWindows.PowerShell.VisualStudio", "PowerShell\CodeForWindows.PowerShell.VisualStudio\CodeForWindows.PowerShell.VisualStudio.pssproj", "{B8599C92-C20C-4512-A4A2-B176061B9515}"
EndProject
Project("{2150E333-8FDC-42A3-9474-1A3956D46DE8}") = "Scripts", "Scripts", "{E42AD782-6D8D-4ACD-BB6D-26870E7BF9CE}"
	ProjectSection(SolutionItems) = preProject
		Scripts\Variables.cmd = Scripts\Variables.cmd
	EndProjectSection
EndProject
Global
	GlobalSection(SolutionConfigurationPlatforms) = preSolution
		Debug|Any CPU = Debug|Any CPU
		Release|Any CPU = Release|Any CPU
	EndGlobalSection
	GlobalSection(ProjectConfigurationPlatforms) = postSolution
		{B8599C92-C20C-4512-A4A2-B176061B9515}.Debug|Any CPU.ActiveCfg = Debug|Any CPU
		{B8599C92-C20C-4512-A4A2-B176061B9515}.Debug|Any CPU.Build.0 = Debug|Any CPU
		{B8599C92-C20C-4512-A4A2-B176061B9515}.Release|Any CPU.ActiveCfg = Release|Any CPU
		{B8599C92-C20C-4512-A4A2-B176061B9515}.Release|Any CPU.Build.0 = Release|Any CPU
	EndGlobalSection
	GlobalSection(SolutionProperties) = preSolution
		HideSolutionNode = FALSE
	EndGlobalSection
	GlobalSection(NestedProjects) = preSolution
		{B8599C92-C20C-4512-A4A2-B176061B9515} = {89DC8D4B-C0BF-44CD-8C00-86B66301C044}
	EndGlobalSection
	GlobalSection(ExtensibilityGlobals) = postSolution
		SolutionGuid = {8CF2D7C1-084C-4B81-AA2A-FF0C2FBF23F6}
	EndGlobalSection
EndGlobal
