
Microsoft Visual Studio Solution File, Format Version 12.00
# Visual Studio 15
VisualStudioVersion = 15.0.27004.2009
MinimumVisualStudioVersion = 10.0.40219.1
Project("{2150E333-8FDC-42A3-9474-1A3956D46DE8}") = "Solution Items", "Solution Items", "{A0EA815E-E26F-42ED-8E54-CE52BCF90D14}"
	ProjectSection(SolutionItems) = preProject
		Build.cmd = Build.cmd
		NuGet.config = NuGet.config
		Release.cmd = Release.cmd
		Solution.gitignore = Solution.gitignore
		Version.cmd = Version.cmd
		Version.ps1 = Version.ps1
		Version.txt = Version.txt
		VisualStudio.gitignore = VisualStudio.gitignore
	EndProjectSection
EndProject
Project("{2150E333-8FDC-42A3-9474-1A3956D46DE8}") = "Documentation", "Documentation", "{9FA8F633-0F1F-4605-9C0D-47C627144A26}"
	ProjectSection(SolutionItems) = preProject
		Documentation\Release Notes.md = Documentation\Release Notes.md
	EndProjectSection
EndProject
Project("{2150E333-8FDC-42A3-9474-1A3956D46DE8}") = "Scripts", "Scripts", "{E42AD782-6D8D-4ACD-BB6D-26870E7BF9CE}"
	ProjectSection(SolutionItems) = preProject
		Scripts\Variables.cmd = Scripts\Variables.cmd
	EndProjectSection
EndProject
Project("{2150E333-8FDC-42A3-9474-1A3956D46DE8}") = "Dependencies", "Dependencies", "{146DEE06-D4D8-48F5-9849-0E77DCCF71CD}"
	ProjectSection(SolutionItems) = preProject
		Dependencies\Code for PowerShell Release Notes.md = Dependencies\Code for PowerShell Release Notes.md
		Dependencies\CodeForPowerShell.Version.txt = Dependencies\CodeForPowerShell.Version.txt
		Dependencies\Update.cmd = Dependencies\Update.cmd
	EndProjectSection
EndProject
Project("{2150E333-8FDC-42A3-9474-1A3956D46DE8}") = "PowerShell", "PowerShell", "{6245DF64-6981-4E23-B7EC-7A308F97A9C2}"
EndProject
Project("{2150E333-8FDC-42A3-9474-1A3956D46DE8}") = "CodeForPowerShell.VisualStudio", "CodeForPowerShell.VisualStudio", "{F7C492E8-0347-47C2-87D7-5CED73B0A362}"
	ProjectSection(SolutionItems) = preProject
		Dependencies\PowerShell\CodeForPowerShell.VisualStudio\CodeForPowerShell.VisualStudio.psd1 = Dependencies\PowerShell\CodeForPowerShell.VisualStudio\CodeForPowerShell.VisualStudio.psd1
		Dependencies\PowerShell\CodeForPowerShell.VisualStudio\CodeForPowerShell.VisualStudio.Version.psm1 = Dependencies\PowerShell\CodeForPowerShell.VisualStudio\CodeForPowerShell.VisualStudio.Version.psm1
	EndProjectSection
EndProject
Global
	GlobalSection(SolutionProperties) = preSolution
		HideSolutionNode = FALSE
	EndGlobalSection
	GlobalSection(NestedProjects) = preSolution
		{6245DF64-6981-4E23-B7EC-7A308F97A9C2} = {146DEE06-D4D8-48F5-9849-0E77DCCF71CD}
		{F7C492E8-0347-47C2-87D7-5CED73B0A362} = {6245DF64-6981-4E23-B7EC-7A308F97A9C2}
	EndGlobalSection
	GlobalSection(ExtensibilityGlobals) = postSolution
		SolutionGuid = {8CF2D7C1-084C-4B81-AA2A-FF0C2FBF23F6}
	EndGlobalSection
EndGlobal
